
Microsoft Visual Studio Solution File, Format Version 12.00
Project("{FAE04EC0-301F-11D3-BF4B-00C04F79EFBC}") = "AlephBot", "AlephBot.csproj", "{CC2ED518-9DFA-442B-88F8-CFD2EC663E41}"
EndProject
Project("{2150E333-8FDC-42A3-9474-1A3956D46DE8}") = "Solution Items", "Solution Items", "{872A04A2-19F7-4B71-B9F1-B305CC95F695}"
	ProjectSection(SolutionItems) = preProject
		compose.yaml = compose.yaml
	EndProjectSection
EndProject
Project("{2150E333-8FDC-42A3-9474-1A3956D46DE8}") = "tests", "tests", "{0AB3BF05-4346-4AA6-1389-037BE0695223}"
EndProject
Project("{FAE04EC0-301F-11D3-BF4B-00C04F79EFBC}") = "AlephBot.Tests", "tests\AlephBot.Tests\AlephBot.Tests.csproj", "{7E49C6C1-0309-4511-B35A-CE102A67EE0B}"
EndProject
Global
	GlobalSection(SolutionConfigurationPlatforms) = preSolution
		Debug|Any CPU = Debug|Any CPU
		Debug|x64 = Debug|x64
		Debug|x86 = Debug|x86
		Release|Any CPU = Release|Any CPU
		Release|x64 = Release|x64
		Release|x86 = Release|x86
	EndGlobalSection
	GlobalSection(ProjectConfigurationPlatforms) = postSolution
		{CC2ED518-9DFA-442B-88F8-CFD2EC663E41}.Debug|Any CPU.ActiveCfg = Debug|Any CPU
		{CC2ED518-9DFA-442B-88F8-CFD2EC663E41}.Debug|Any CPU.Build.0 = Debug|Any CPU
		{CC2ED518-9DFA-442B-88F8-CFD2EC663E41}.Debug|x64.ActiveCfg = Debug|Any CPU
		{CC2ED518-9DFA-442B-88F8-CFD2EC663E41}.Debug|x64.Build.0 = Debug|Any CPU
		{CC2ED518-9DFA-442B-88F8-CFD2EC663E41}.Debug|x86.ActiveCfg = Debug|Any CPU
		{CC2ED518-9DFA-442B-88F8-CFD2EC663E41}.Debug|x86.Build.0 = Debug|Any CPU
		{CC2ED518-9DFA-442B-88F8-CFD2EC663E41}.Release|Any CPU.ActiveCfg = Release|Any CPU
		{CC2ED518-9DFA-442B-88F8-CFD2EC663E41}.Release|Any CPU.Build.0 = Release|Any CPU
		{CC2ED518-9DFA-442B-88F8-CFD2EC663E41}.Release|x64.ActiveCfg = Release|Any CPU
		{CC2ED518-9DFA-442B-88F8-CFD2EC663E41}.Release|x64.Build.0 = Release|Any CPU
		{CC2ED518-9DFA-442B-88F8-CFD2EC663E41}.Release|x86.ActiveCfg = Release|Any CPU
		{CC2ED518-9DFA-442B-88F8-CFD2EC663E41}.Release|x86.Build.0 = Release|Any CPU
		{7E49C6C1-0309-4511-B35A-CE102A67EE0B}.Debug|Any CPU.ActiveCfg = Debug|Any CPU
		{7E49C6C1-0309-4511-B35A-CE102A67EE0B}.Debug|Any CPU.Build.0 = Debug|Any CPU
		{7E49C6C1-0309-4511-B35A-CE102A67EE0B}.Debug|x64.ActiveCfg = Debug|Any CPU
		{7E49C6C1-0309-4511-B35A-CE102A67EE0B}.Debug|x64.Build.0 = Debug|Any CPU
		{7E49C6C1-0309-4511-B35A-CE102A67EE0B}.Debug|x86.ActiveCfg = Debug|Any CPU
		{7E49C6C1-0309-4511-B35A-CE102A67EE0B}.Debug|x86.Build.0 = Debug|Any CPU
		{7E49C6C1-0309-4511-B35A-CE102A67EE0B}.Release|Any CPU.ActiveCfg = Release|Any CPU
		{7E49C6C1-0309-4511-B35A-CE102A67EE0B}.Release|Any CPU.Build.0 = Release|Any CPU
		{7E49C6C1-0309-4511-B35A-CE102A67EE0B}.Release|x64.ActiveCfg = Release|Any CPU
		{7E49C6C1-0309-4511-B35A-CE102A67EE0B}.Release|x64.Build.0 = Release|Any CPU
		{7E49C6C1-0309-4511-B35A-CE102A67EE0B}.Release|x86.ActiveCfg = Release|Any CPU
		{7E49C6C1-0309-4511-B35A-CE102A67EE0B}.Release|x86.Build.0 = Release|Any CPU
	EndGlobalSection
	GlobalSection(SolutionProperties) = preSolution
		HideSolutionNode = FALSE
	EndGlobalSection
	GlobalSection(NestedProjects) = preSolution
		{7E49C6C1-0309-4511-B35A-CE102A67EE0B} = {0AB3BF05-4346-4AA6-1389-037BE0695223}
	EndGlobalSection
EndGlobal
